
Microsoft Visual Studio Solution File, Format Version 12.00
# Visual Studio Version 17
VisualStudioVersion = 17.0.32126.317
MinimumVisualStudioVersion = 10.0.40219.1
Project("{FAE04EC0-301F-11D3-BF4B-00C04F79EFBC}") = "WinFormsApp1", "WinFormsApp1.csproj", "{884FA6BD-646E-4F20-897E-0B4C0B174F19}"
EndProject
Global
	GlobalSection(SolutionConfigurationPlatforms) = preSolution
		Debug|Any CPU = Debug|Any CPU
		Release|Any CPU = Release|Any CPU
	EndGlobalSection
	GlobalSection(ProjectConfigurationPlatforms) = postSolution
		{884FA6BD-646E-4F20-897E-0B4C0B174F19}.Debug|Any CPU.ActiveCfg = Debug|Any CPU
		{884FA6BD-646E-4F20-897E-0B4C0B174F19}.Debug|Any CPU.Build.0 = Debug|Any CPU
		{884FA6BD-646E-4F20-897E-0B4C0B174F19}.Release|Any CPU.ActiveCfg = Release|Any CPU
		{884FA6BD-646E-4F20-897E-0B4C0B174F19}.Release|Any CPU.Build.0 = Release|Any CPU
	EndGlobalSection
	GlobalSection(SolutionProperties) = preSolution
		HideSolutionNode = FALSE
	EndGlobalSection
	GlobalSection(ExtensibilityGlobals) = postSolution
		SolutionGuid = {1FC0F759-E10B-4E0D-9B1A-4CA21138366F}
	EndGlobalSection
EndGlobal
